// !$*UTF8*$!
{
	archiveVersion = 1;
	classes = {
	};
	objectVersion = 46;
	objects = {

/* Begin PBXBuildFile section */
		7A1FFCDF1BD7E6BD00FD092F /* main.cpp in Sources */ = {isa = PBXBuildFile; fileRef = 7A1FFCDE1BD7E6BD00FD092F /* main.cpp */; settings = {ASSET_TAGS = (); }; };
		7A1FFCE51BD7E70500FD092F /* latex.cpp in Sources */ = {isa = PBXBuildFile; fileRef = 7A1FFCE41BD7E70500FD092F /* latex.cpp */; settings = {ASSET_TAGS = (); }; };
		7A1FFCE81BD7E82E00FD092F /* libv8.dylib in Frameworks */ = {isa = PBXBuildFile; fileRef = 7A1FFCE71BD7E82E00FD092F /* libv8.dylib */; };
		7A1FFCEC1BD7E9E800FD092F /* libv8_base.a in Frameworks */ = {isa = PBXBuildFile; fileRef = 7A1FFCE91BD7E9E800FD092F /* libv8_base.a */; };
		7A1FFCED1BD7E9E800FD092F /* libv8_libbase.a in Frameworks */ = {isa = PBXBuildFile; fileRef = 7A1FFCEA1BD7E9E800FD092F /* libv8_libbase.a */; };
		7A1FFCEE1BD7E9E800FD092F /* libv8_libplatform.a in Frameworks */ = {isa = PBXBuildFile; fileRef = 7A1FFCEB1BD7E9E800FD092F /* libv8_libplatform.a */; };
		7A1FFCF11BD7EA0000FD092F /* libv8_nosnapshot.a in Frameworks */ = {isa = PBXBuildFile; fileRef = 7A1FFCEF1BD7EA0000FD092F /* libv8_nosnapshot.a */; };
		7A1FFCF21BD7EA0000FD092F /* libv8_snapshot.a in Frameworks */ = {isa = PBXBuildFile; fileRef = 7A1FFCF01BD7EA0000FD092F /* libv8_snapshot.a */; };
		7A1FFD821BD9285100FD092F /* libwkhtmltox.0.12.2.dylib in Frameworks */ = {isa = PBXBuildFile; fileRef = 7A1FFD801BD90CC000FD092F /* libwkhtmltox.0.12.2.dylib */; };
		7A1FFD841BD9358D00FD092F /* libboost_filesystem.dylib in Frameworks */ = {isa = PBXBuildFile; fileRef = 7A1FFD831BD9358D00FD092F /* libboost_filesystem.dylib */; };
		7A1FFD861BD9363300FD092F /* libboost_system.dylib in Frameworks */ = {isa = PBXBuildFile; fileRef = 7A1FFD851BD9363300FD092F /* libboost_system.dylib */; };
/* End PBXBuildFile section */

/* Begin PBXCopyFilesBuildPhase section */
		7A1FFCD21BD7E69900FD092F /* CopyFiles */ = {
			isa = PBXCopyFilesBuildPhase;
			buildActionMask = 2147483647;
			dstPath = /usr/share/man/man1/;
			dstSubfolderSpec = 0;
			files = (
			);
			runOnlyForDeploymentPostprocessing = 1;
		};
/* End PBXCopyFilesBuildPhase section */

/* Begin PBXFileReference section */
		7A1FFCD41BD7E69900FD092F /* latexpp */ = {isa = PBXFileReference; explicitFileType = "compiled.mach-o.executable"; includeInIndex = 0; path = latexpp; sourceTree = BUILT_PRODUCTS_DIR; };
		7A1FFCDE1BD7E6BD00FD092F /* main.cpp */ = {isa = PBXFileReference; fileEncoding = 4; lastKnownFileType = sourcecode.cpp.cpp; path = main.cpp; sourceTree = "<group>"; };
		7A1FFCE41BD7E70500FD092F /* latex.cpp */ = {isa = PBXFileReference; fileEncoding = 4; lastKnownFileType = sourcecode.cpp.cpp; path = latex.cpp; sourceTree = "<group>"; };
		7A1FFCE61BD7E71000FD092F /* latex.hpp */ = {isa = PBXFileReference; lastKnownFileType = sourcecode.cpp.h; path = latex.hpp; sourceTree = "<group>"; };
		7A1FFCE71BD7E82E00FD092F /* libv8.dylib */ = {isa = PBXFileReference; lastKnownFileType = "compiled.mach-o.dylib"; name = libv8.dylib; path = ../../../../../usr/local/Cellar/v8/4.5.103.35/lib/libv8.dylib; sourceTree = "<group>"; };
		7A1FFCE91BD7E9E800FD092F /* libv8_base.a */ = {isa = PBXFileReference; lastKnownFileType = archive.ar; name = libv8_base.a; path = ../../../../../usr/local/Cellar/v8/4.5.103.35/lib/libv8_base.a; sourceTree = "<group>"; };
		7A1FFCEA1BD7E9E800FD092F /* libv8_libbase.a */ = {isa = PBXFileReference; lastKnownFileType = archive.ar; name = libv8_libbase.a; path = ../../../../../usr/local/Cellar/v8/4.5.103.35/lib/libv8_libbase.a; sourceTree = "<group>"; };
		7A1FFCEB1BD7E9E800FD092F /* libv8_libplatform.a */ = {isa = PBXFileReference; lastKnownFileType = archive.ar; name = libv8_libplatform.a; path = ../../../../../usr/local/Cellar/v8/4.5.103.35/lib/libv8_libplatform.a; sourceTree = "<group>"; };
		7A1FFCEF1BD7EA0000FD092F /* libv8_nosnapshot.a */ = {isa = PBXFileReference; lastKnownFileType = archive.ar; name = libv8_nosnapshot.a; path = ../../../../../usr/local/Cellar/v8/4.5.103.35/lib/libv8_nosnapshot.a; sourceTree = "<group>"; };
		7A1FFCF01BD7EA0000FD092F /* libv8_snapshot.a */ = {isa = PBXFileReference; lastKnownFileType = archive.ar; name = libv8_snapshot.a; path = ../../../../../usr/local/Cellar/v8/4.5.103.35/lib/libv8_snapshot.a; sourceTree = "<group>"; };
		7A1FFD801BD90CC000FD092F /* libwkhtmltox.0.12.2.dylib */ = {isa = PBXFileReference; lastKnownFileType = "compiled.mach-o.dylib"; name = libwkhtmltox.0.12.2.dylib; path = ../../../../../usr/local/lib/libwkhtmltox.0.12.2.dylib; sourceTree = "<group>"; };
		7A1FFD831BD9358D00FD092F /* libboost_filesystem.dylib */ = {isa = PBXFileReference; lastKnownFileType = "compiled.mach-o.dylib"; name = libboost_filesystem.dylib; path = ../../../../../usr/local/Cellar/boost/1.58.0/lib/libboost_filesystem.dylib; sourceTree = "<group>"; };
		7A1FFD851BD9363300FD092F /* libboost_system.dylib */ = {isa = PBXFileReference; lastKnownFileType = "compiled.mach-o.dylib"; name = libboost_system.dylib; path = ../../../../../usr/local/Cellar/boost/1.58.0/lib/libboost_system.dylib; sourceTree = "<group>"; };
/* End PBXFileReference section */

/* Begin PBXFrameworksBuildPhase section */
		7A1FFCD11BD7E69900FD092F /* Frameworks */ = {
			isa = PBXFrameworksBuildPhase;
			buildActionMask = 2147483647;
			files = (
				7A1FFD861BD9363300FD092F /* libboost_system.dylib in Frameworks */,
				7A1FFD841BD9358D00FD092F /* libboost_filesystem.dylib in Frameworks */,
				7A1FFD821BD9285100FD092F /* libwkhtmltox.0.12.2.dylib in Frameworks */,
				7A1FFCF11BD7EA0000FD092F /* libv8_nosnapshot.a in Frameworks */,
				7A1FFCF21BD7EA0000FD092F /* libv8_snapshot.a in Frameworks */,
				7A1FFCEC1BD7E9E800FD092F /* libv8_base.a in Frameworks */,
				7A1FFCED1BD7E9E800FD092F /* libv8_libbase.a in Frameworks */,
				7A1FFCEE1BD7E9E800FD092F /* libv8_libplatform.a in Frameworks */,
				7A1FFCE81BD7E82E00FD092F /* libv8.dylib in Frameworks */,
			);
			runOnlyForDeploymentPostprocessing = 0;
		};
/* End PBXFrameworksBuildPhase section */

/* Begin PBXGroup section */
		7A1FFCCB1BD7E69900FD092F = {
			isa = PBXGroup;
			children = (
				7A1FFD851BD9363300FD092F /* libboost_system.dylib */,
				7A1FFD831BD9358D00FD092F /* libboost_filesystem.dylib */,
				7A1FFD801BD90CC000FD092F /* libwkhtmltox.0.12.2.dylib */,
				7A1FFCEF1BD7EA0000FD092F /* libv8_nosnapshot.a */,
				7A1FFCF01BD7EA0000FD092F /* libv8_snapshot.a */,
				7A1FFCE91BD7E9E800FD092F /* libv8_base.a */,
				7A1FFCEA1BD7E9E800FD092F /* libv8_libbase.a */,
				7A1FFCEB1BD7E9E800FD092F /* libv8_libplatform.a */,
				7A1FFCE71BD7E82E00FD092F /* libv8.dylib */,
				7A1FFCE21BD7E70500FD092F /* include */,
				7A1FFCE31BD7E70500FD092F /* source */,
				7A1FFCDE1BD7E6BD00FD092F /* main.cpp */,
				7A1FFCD51BD7E69900FD092F /* Products */,
			);
			sourceTree = "<group>";
		};
		7A1FFCD51BD7E69900FD092F /* Products */ = {
			isa = PBXGroup;
			children = (
				7A1FFCD41BD7E69900FD092F /* latexpp */,
			);
			name = Products;
			sourceTree = "<group>";
		};
		7A1FFCE21BD7E70500FD092F /* include */ = {
			isa = PBXGroup;
			children = (
				7A1FFCE61BD7E71000FD092F /* latex.hpp */,
			);
			path = include;
			sourceTree = "<group>";
		};
		7A1FFCE31BD7E70500FD092F /* source */ = {
			isa = PBXGroup;
			children = (
				7A1FFCE41BD7E70500FD092F /* latex.cpp */,
			);
			path = source;
			sourceTree = "<group>";
		};
/* End PBXGroup section */

/* Begin PBXNativeTarget section */
		7A1FFCD31BD7E69900FD092F /* latexpp */ = {
			isa = PBXNativeTarget;
			buildConfigurationList = 7A1FFCDB1BD7E69900FD092F /* Build configuration list for PBXNativeTarget "latexpp" */;
			buildPhases = (
				7A1FFCD01BD7E69900FD092F /* Sources */,
				7A1FFCD11BD7E69900FD092F /* Frameworks */,
				7A1FFCD21BD7E69900FD092F /* CopyFiles */,
			);
			buildRules = (
			);
			dependencies = (
			);
			name = latexpp;
			productName = latexpp;
			productReference = 7A1FFCD41BD7E69900FD092F /* latexpp */;
			productType = "com.apple.product-type.tool";
		};
/* End PBXNativeTarget section */

/* Begin PBXProject section */
		7A1FFCCC1BD7E69900FD092F /* Project object */ = {
			isa = PBXProject;
			attributes = {
				LastUpgradeCheck = 0700;
				ORGANIZATIONNAME = "Peter Goldsborough";
				TargetAttributes = {
					7A1FFCD31BD7E69900FD092F = {
						CreatedOnToolsVersion = 7.0.1;
					};
				};
			};
			buildConfigurationList = 7A1FFCCF1BD7E69900FD092F /* Build configuration list for PBXProject "latexpp" */;
			compatibilityVersion = "Xcode 3.2";
			developmentRegion = English;
			hasScannedForEncodings = 0;
			knownRegions = (
				en,
			);
			mainGroup = 7A1FFCCB1BD7E69900FD092F;
			productRefGroup = 7A1FFCD51BD7E69900FD092F /* Products */;
			projectDirPath = "";
			projectRoot = "";
			targets = (
				7A1FFCD31BD7E69900FD092F /* latexpp */,
			);
		};
/* End PBXProject section */

/* Begin PBXSourcesBuildPhase section */
		7A1FFCD01BD7E69900FD092F /* Sources */ = {
			isa = PBXSourcesBuildPhase;
			buildActionMask = 2147483647;
			files = (
				7A1FFCE51BD7E70500FD092F /* latex.cpp in Sources */,
				7A1FFCDF1BD7E6BD00FD092F /* main.cpp in Sources */,
			);
			runOnlyForDeploymentPostprocessing = 0;
		};
/* End PBXSourcesBuildPhase section */

/* Begin XCBuildConfiguration section */
		7A1FFCD91BD7E69900FD092F /* Debug */ = {
			isa = XCBuildConfiguration;
			buildSettings = {
				ALWAYS_SEARCH_USER_PATHS = NO;
				CLANG_CXX_LANGUAGE_STANDARD = "gnu++0x";
				CLANG_CXX_LIBRARY = "libc++";
				CLANG_ENABLE_MODULES = YES;
				CLANG_ENABLE_OBJC_ARC = YES;
				CLANG_WARN_BOOL_CONVERSION = YES;
				CLANG_WARN_CONSTANT_CONVERSION = YES;
				CLANG_WARN_DIRECT_OBJC_ISA_USAGE = YES_ERROR;
				CLANG_WARN_EMPTY_BODY = YES;
				CLANG_WARN_ENUM_CONVERSION = YES;
				CLANG_WARN_INT_CONVERSION = YES;
				CLANG_WARN_OBJC_ROOT_CLASS = YES_ERROR;
				CLANG_WARN_UNREACHABLE_CODE = YES;
				CLANG_WARN__DUPLICATE_METHOD_MATCH = YES;
				COPY_PHASE_STRIP = NO;
				DEBUG_INFORMATION_FORMAT = dwarf;
				ENABLE_STRICT_OBJC_MSGSEND = YES;
				ENABLE_TESTABILITY = YES;
				GCC_C_LANGUAGE_STANDARD = gnu99;
				GCC_DYNAMIC_NO_PIC = NO;
				GCC_NO_COMMON_BLOCKS = YES;
				GCC_OPTIMIZATION_LEVEL = 0;
				GCC_PREPROCESSOR_DEFINITIONS = (
					"DEBUG=1",
					"$(inherited)",
				);
				GCC_WARN_64_TO_32_BIT_CONVERSION = YES;
				GCC_WARN_ABOUT_RETURN_TYPE = YES_ERROR;
				GCC_WARN_UNDECLARED_SELECTOR = YES;
				GCC_WARN_UNINITIALIZED_AUTOS = YES_AGGRESSIVE;
				GCC_WARN_UNUSED_FUNCTION = YES;
				GCC_WARN_UNUSED_VARIABLE = YES;
				MACOSX_DEPLOYMENT_TARGET = 10.11;
				MTL_ENABLE_DEBUG_INFO = YES;
				ONLY_ACTIVE_ARCH = YES;
				SDKROOT = macosx;
			};
			name = Debug;
		};
		7A1FFCDA1BD7E69900FD092F /* Release */ = {
			isa = XCBuildConfiguration;
			buildSettings = {
				ALWAYS_SEARCH_USER_PATHS = NO;
				CLANG_CXX_LANGUAGE_STANDARD = "gnu++0x";
				CLANG_CXX_LIBRARY = "libc++";
				CLANG_ENABLE_MODULES = YES;
				CLANG_ENABLE_OBJC_ARC = YES;
				CLANG_WARN_BOOL_CONVERSION = YES;
				CLANG_WARN_CONSTANT_CONVERSION = YES;
				CLANG_WARN_DIRECT_OBJC_ISA_USAGE = YES_ERROR;
				CLANG_WARN_EMPTY_BODY = YES;
				CLANG_WARN_ENUM_CONVERSION = YES;
				CLANG_WARN_INT_CONVERSION = YES;
				CLANG_WARN_OBJC_ROOT_CLASS = YES_ERROR;
				CLANG_WARN_UNREACHABLE_CODE = YES;
				CLANG_WARN__DUPLICATE_METHOD_MATCH = YES;
				COPY_PHASE_STRIP = NO;
				DEBUG_INFORMATION_FORMAT = "dwarf-with-dsym";
				ENABLE_NS_ASSERTIONS = NO;
				ENABLE_STRICT_OBJC_MSGSEND = YES;
				GCC_C_LANGUAGE_STANDARD = gnu99;
				GCC_NO_COMMON_BLOCKS = YES;
				GCC_WARN_64_TO_32_BIT_CONVERSION = YES;
				GCC_WARN_ABOUT_RETURN_TYPE = YES_ERROR;
				GCC_WARN_UNDECLARED_SELECTOR = YES;
				GCC_WARN_UNINITIALIZED_AUTOS = YES_AGGRESSIVE;
				GCC_WARN_UNUSED_FUNCTION = YES;
				GCC_WARN_UNUSED_VARIABLE = YES;
				MACOSX_DEPLOYMENT_TARGET = 10.11;
				MTL_ENABLE_DEBUG_INFO = NO;
				SDKROOT = macosx;
			};
			name = Release;
		};
		7A1FFCDC1BD7E69900FD092F /* Debug */ = {
			isa = XCBuildConfiguration;
			buildSettings = {
				ALWAYS_SEARCH_USER_PATHS = YES;
				CLANG_CXX_LANGUAGE_STANDARD = "c++14";
				CONFIGURATION_BUILD_DIR = "$(BUILD_DIR)/$(CONFIGURATION)$(EFFECTIVE_PLATFORM_NAME)";
				HEADER_SEARCH_PATHS = (
					"/usr/local/Cellar/v8/4.5.103.35/**",
					/usr/local/include,
					/usr/local/Cellar/boost/include,
				);
				LIBRARY_SEARCH_PATHS = (
					"$(inherited)",
					/usr/local/Cellar/v8/4.5.103.35/lib,
					/usr/local/lib,
					/usr/local/Cellar/boost/1.58.0/lib,
				);
				PRODUCT_NAME = "$(TARGET_NAME)";
			};
			name = Debug;
		};
		7A1FFCDD1BD7E69900FD092F /* Release */ = {
			isa = XCBuildConfiguration;
			buildSettings = {
				ALWAYS_SEARCH_USER_PATHS = YES;
				CLANG_CXX_LANGUAGE_STANDARD = "c++14";
				HEADER_SEARCH_PATHS = (
					"/usr/local/Cellar/v8/4.5.103.35/**",
					/usr/local/include,
					/usr/local/Cellar/boost/include,
				);
				LIBRARY_SEARCH_PATHS = (
					"$(inherited)",
					/usr/local/Cellar/v8/4.5.103.35/lib,
					/usr/local/lib,
					/usr/local/Cellar/boost/1.58.0/lib,
				);
				PRODUCT_NAME = "$(TARGET_NAME)";
			};
			name = Release;
		};
/* End XCBuildConfiguration section */

/* Begin XCConfigurationList section */
		7A1FFCCF1BD7E69900FD092F /* Build configuration list for PBXProject "latexpp" */ = {
			isa = XCConfigurationList;
			buildConfigurations = (
				7A1FFCD91BD7E69900FD092F /* Debug */,
				7A1FFCDA1BD7E69900FD092F /* Release */,
			);
			defaultConfigurationIsVisible = 0;
			defaultConfigurationName = Release;
		};
		7A1FFCDB1BD7E69900FD092F /* Build configuration list for PBXNativeTarget "latexpp" */ = {
			isa = XCConfigurationList;
			buildConfigurations = (
				7A1FFCDC1BD7E69900FD092F /* Debug */,
				7A1FFCDD1BD7E69900FD092F /* Release */,
			);
			defaultConfigurationIsVisible = 0;
			defaultConfigurationName = Release;
		};
/* End XCConfigurationList section */
	};
	rootObject = 7A1FFCCC1BD7E69900FD092F /* Project object */;
}
